
Microsoft Visual Studio Solution File, Format Version 12.00
# Visual Studio Version 16
VisualStudioVersion = 16.0.31025.194
MinimumVisualStudioVersion = 10.0.40219.1
Project("{FAE04EC0-301F-11D3-BF4B-00C04F79EFBC}") = "Project1", "Project1\Project1.csproj", "{CDCF62F3-B9CF-41AE-AAAB-B030526CB5F0}"
EndProject
Global
	GlobalSection(SolutionConfigurationPlatforms) = preSolution
		Debug|Any CPU = Debug|Any CPU
		Release|Any CPU = Release|Any CPU
	EndGlobalSection
	GlobalSection(ProjectConfigurationPlatforms) = postSolution
		{CDCF62F3-B9CF-41AE-AAAB-B030526CB5F0}.Debug|Any CPU.ActiveCfg = Debug|Any CPU
		{CDCF62F3-B9CF-41AE-AAAB-B030526CB5F0}.Debug|Any CPU.Build.0 = Debug|Any CPU
		{CDCF62F3-B9CF-41AE-AAAB-B030526CB5F0}.Release|Any CPU.ActiveCfg = Release|Any CPU
		{CDCF62F3-B9CF-41AE-AAAB-B030526CB5F0}.Release|Any CPU.Build.0 = Release|Any CPU
	EndGlobalSection
	GlobalSection(SolutionProperties) = preSolution
		HideSolutionNode = FALSE
	EndGlobalSection
	GlobalSection(ExtensibilityGlobals) = postSolution
		SolutionGuid = {06319CC9-F258-44AF-AEDA-F2D6E11DD792}
	EndGlobalSection
EndGlobal
